
Microsoft Visual Studio Solution File, Format Version 12.00
# Visual Studio Version 17
VisualStudioVersion = 17.10.34916.146
MinimumVisualStudioVersion = 10.0.40219.1
Project("{8BC9CEB8-8B4A-11D0-8D11-00A0C91BC942}") = "BOJ_3060", "BOJ_3060.vcxproj", "{69A11FA0-3AD7-4F0E-B88F-CEAD4370E660}"
EndProject
Global
	GlobalSection(SolutionConfigurationPlatforms) = preSolution
		Debug|x64 = Debug|x64
		Release|x64 = Release|x64
	EndGlobalSection
	GlobalSection(ProjectConfigurationPlatforms) = postSolution
		{69A11FA0-3AD7-4F0E-B88F-CEAD4370E660}.Debug|x64.ActiveCfg = Debug|x64
		{69A11FA0-3AD7-4F0E-B88F-CEAD4370E660}.Debug|x64.Build.0 = Debug|x64
		{69A11FA0-3AD7-4F0E-B88F-CEAD4370E660}.Release|x64.ActiveCfg = Release|x64
		{69A11FA0-3AD7-4F0E-B88F-CEAD4370E660}.Release|x64.Build.0 = Release|x64
	EndGlobalSection
	GlobalSection(SolutionProperties) = preSolution
		HideSolutionNode = FALSE
	EndGlobalSection
	GlobalSection(ExtensibilityGlobals) = postSolution
		SolutionGuid = {07A47511-81E0-40A3-A925-21FEEF811A02}
	EndGlobalSection
EndGlobal
